
Microsoft Visual Studio Solution File, Format Version 12.00
# Visual Studio Version 17
VisualStudioVersion = 17.5.002.0
MinimumVisualStudioVersion = 10.0.40219.1
Project("{9A19103F-16F7-4668-BE54-9A1E7A4F7556}") = "Collections", "Collections.csproj", "{C1140215-025F-42DD-B986-A5B8BD9B554D}"
EndProject
Global
	GlobalSection(SolutionConfigurationPlatforms) = preSolution
		Debug|Any CPU = Debug|Any CPU
		Release|Any CPU = Release|Any CPU
	EndGlobalSection
	GlobalSection(ProjectConfigurationPlatforms) = postSolution
		{C1140215-025F-42DD-B986-A5B8BD9B554D}.Debug|Any CPU.ActiveCfg = Debug|Any CPU
		{C1140215-025F-42DD-B986-A5B8BD9B554D}.Debug|Any CPU.Build.0 = Debug|Any CPU
		{C1140215-025F-42DD-B986-A5B8BD9B554D}.Release|Any CPU.ActiveCfg = Release|Any CPU
		{C1140215-025F-42DD-B986-A5B8BD9B554D}.Release|Any CPU.Build.0 = Release|Any CPU
	EndGlobalSection
	GlobalSection(SolutionProperties) = preSolution
		HideSolutionNode = FALSE
	EndGlobalSection
	GlobalSection(ExtensibilityGlobals) = postSolution
		SolutionGuid = {D3DD5490-DFD8-4FF6-BD46-0E6F32A73ECF}
	EndGlobalSection
EndGlobal
